
Microsoft Visual Studio Solution File, Format Version 12.00
# Visual Studio Version 16
VisualStudioVersion = 16.0.30114.105
MinimumVisualStudioVersion = 10.0.40219.1
Project("{2150E333-8FDC-42A3-9474-1A3956D46DE8}") = "src", "src", "{CB81A322-8CEE-4A66-BD91-78D832F55A67}"
EndProject
Project("{FAE04EC0-301F-11D3-BF4B-00C04F79EFBC}") = "Website", "src\Website\Website.csproj", "{677A2E29-39D0-4D55-9B36-05BBEF4F7951}"
EndProject
Project("{2150E333-8FDC-42A3-9474-1A3956D46DE8}") = "test", "test", "{479C35D6-D305-49DE-B1D6-8FB8EA64E03F}"
EndProject
Project("{FAE04EC0-301F-11D3-BF4B-00C04F79EFBC}") = "WebsiteTest", "test\WebsiteTest\WebsiteTest.csproj", "{DBB41592-29B5-498D-8635-6B7FA1579CDB}"
EndProject
Global
	GlobalSection(SolutionConfigurationPlatforms) = preSolution
		Debug|Any CPU = Debug|Any CPU
		Release|Any CPU = Release|Any CPU
	EndGlobalSection
	GlobalSection(SolutionProperties) = preSolution
		HideSolutionNode = FALSE
	EndGlobalSection
	GlobalSection(ProjectConfigurationPlatforms) = postSolution
		{677A2E29-39D0-4D55-9B36-05BBEF4F7951}.Debug|Any CPU.ActiveCfg = Debug|Any CPU
		{677A2E29-39D0-4D55-9B36-05BBEF4F7951}.Debug|Any CPU.Build.0 = Debug|Any CPU
		{677A2E29-39D0-4D55-9B36-05BBEF4F7951}.Release|Any CPU.ActiveCfg = Release|Any CPU
		{677A2E29-39D0-4D55-9B36-05BBEF4F7951}.Release|Any CPU.Build.0 = Release|Any CPU
		{DBB41592-29B5-498D-8635-6B7FA1579CDB}.Debug|Any CPU.ActiveCfg = Debug|Any CPU
		{DBB41592-29B5-498D-8635-6B7FA1579CDB}.Debug|Any CPU.Build.0 = Debug|Any CPU
		{DBB41592-29B5-498D-8635-6B7FA1579CDB}.Release|Any CPU.ActiveCfg = Release|Any CPU
		{DBB41592-29B5-498D-8635-6B7FA1579CDB}.Release|Any CPU.Build.0 = Release|Any CPU
	EndGlobalSection
	GlobalSection(NestedProjects) = preSolution
		{677A2E29-39D0-4D55-9B36-05BBEF4F7951} = {CB81A322-8CEE-4A66-BD91-78D832F55A67}
		{DBB41592-29B5-498D-8635-6B7FA1579CDB} = {479C35D6-D305-49DE-B1D6-8FB8EA64E03F}
	EndGlobalSection
EndGlobal
